# THIS IS AN AUTOGENERATED FILE. DO NOT EDIT THIS FILE DIRECTLY.
# yarn lockfile v1


"bootstrap-icons@^1.8.3":
  "integrity" "sha512-s5kmttnbq4BXbx3Bwnj39y+t7Vc3blTtyD77W3aYQ1LlNoS3lNbbGvSYhIbg26Im8KmjScyFpHEevlPOBcIDdA=="
  "resolved" "https://registry.npmjs.org/bootstrap-icons/-/bootstrap-icons-1.8.3.tgz"
  "version" "1.8.3"
